
Microsoft Visual Studio Solution File, Format Version 12.00
# Visual Studio 14
VisualStudioVersion = 14.0.25420.1
MinimumVisualStudioVersion = 10.0.40219.1
Project("{FAE04EC0-301F-11D3-BF4B-00C04F79EFBC}") = "ClassLibrary", "ClassLibrary\ClassLibrary.csproj", "{A639567B-1C1A-4BF0-A455-3571524B821E}"
EndProject
Project("{FAE04EC0-301F-11D3-BF4B-00C04F79EFBC}") = "ConsoleApplication", "ConsoleApplication\ConsoleApplication.csproj", "{C23F7601-5ACB-46FD-A61F-1176C3DAE74A}"
EndProject
Global
	GlobalSection(SolutionConfigurationPlatforms) = preSolution
		Debug|Any CPU = Debug|Any CPU
		Release|Any CPU = Release|Any CPU
	EndGlobalSection
	GlobalSection(ProjectConfigurationPlatforms) = postSolution
		{A639567B-1C1A-4BF0-A455-3571524B821E}.Debug|Any CPU.ActiveCfg = Debug|Any CPU
		{A639567B-1C1A-4BF0-A455-3571524B821E}.Debug|Any CPU.Build.0 = Debug|Any CPU
		{A639567B-1C1A-4BF0-A455-3571524B821E}.Release|Any CPU.ActiveCfg = Release|Any CPU
		{A639567B-1C1A-4BF0-A455-3571524B821E}.Release|Any CPU.Build.0 = Release|Any CPU
		{C23F7601-5ACB-46FD-A61F-1176C3DAE74A}.Debug|Any CPU.ActiveCfg = Debug|Any CPU
		{C23F7601-5ACB-46FD-A61F-1176C3DAE74A}.Debug|Any CPU.Build.0 = Debug|Any CPU
		{C23F7601-5ACB-46FD-A61F-1176C3DAE74A}.Release|Any CPU.ActiveCfg = Release|Any CPU
		{C23F7601-5ACB-46FD-A61F-1176C3DAE74A}.Release|Any CPU.Build.0 = Release|Any CPU
	EndGlobalSection
	GlobalSection(SolutionProperties) = preSolution
		HideSolutionNode = FALSE
	EndGlobalSection
EndGlobal
