
Microsoft Visual Studio Solution File, Format Version 12.00
# Visual Studio 14
VisualStudioVersion = 14.0.25420.1
MinimumVisualStudioVersion = 10.0.40219.1
Project("{FAE04EC0-301F-11D3-BF4B-00C04F79EFBC}") = "ConsoleApplication", "ConsoleApplication\ConsoleApplication.csproj", "{591BF60B-4C2E-4D0F-B566-641C2F27D8FB}"
EndProject
Project("{FAE04EC0-301F-11D3-BF4B-00C04F79EFBC}") = "DelegateConsoleApp", "DelegateConsoleApp\DelegateConsoleApp.csproj", "{D3180B3A-BEE5-4240-B66E-5060C2A9A8CC}"
EndProject
Global
	GlobalSection(SolutionConfigurationPlatforms) = preSolution
		Debug|Any CPU = Debug|Any CPU
		Release|Any CPU = Release|Any CPU
	EndGlobalSection
	GlobalSection(ProjectConfigurationPlatforms) = postSolution
		{591BF60B-4C2E-4D0F-B566-641C2F27D8FB}.Debug|Any CPU.ActiveCfg = Debug|Any CPU
		{591BF60B-4C2E-4D0F-B566-641C2F27D8FB}.Debug|Any CPU.Build.0 = Debug|Any CPU
		{591BF60B-4C2E-4D0F-B566-641C2F27D8FB}.Release|Any CPU.ActiveCfg = Release|Any CPU
		{591BF60B-4C2E-4D0F-B566-641C2F27D8FB}.Release|Any CPU.Build.0 = Release|Any CPU
		{D3180B3A-BEE5-4240-B66E-5060C2A9A8CC}.Debug|Any CPU.ActiveCfg = Debug|Any CPU
		{D3180B3A-BEE5-4240-B66E-5060C2A9A8CC}.Debug|Any CPU.Build.0 = Debug|Any CPU
		{D3180B3A-BEE5-4240-B66E-5060C2A9A8CC}.Release|Any CPU.ActiveCfg = Release|Any CPU
		{D3180B3A-BEE5-4240-B66E-5060C2A9A8CC}.Release|Any CPU.Build.0 = Release|Any CPU
	EndGlobalSection
	GlobalSection(SolutionProperties) = preSolution
		HideSolutionNode = FALSE
	EndGlobalSection
EndGlobal
